
Microsoft Visual Studio Solution File, Format Version 12.00
# Visual Studio Version 17
VisualStudioVersion = 17.7.34221.43
MinimumVisualStudioVersion = 10.0.40219.1
Project("{9A19103F-16F7-4668-BE54-9A1E7A4F7556}") = "ServerApp", "ServerApp\ServerApp.csproj", "{A5ED92F4-F43B-44E2-B132-C2AE47991414}"
EndProject
Project("{E53339B2-1760-4266-BCC7-CA923CBCF16C}") = "docker-compose", "docker-compose.dcproj", "{467E0E88-9AE9-494C-AB02-02507CDAA393}"
EndProject
Global
	GlobalSection(SolutionConfigurationPlatforms) = preSolution
		Debug|Any CPU = Debug|Any CPU
		Release|Any CPU = Release|Any CPU
	EndGlobalSection
	GlobalSection(ProjectConfigurationPlatforms) = postSolution
		{A5ED92F4-F43B-44E2-B132-C2AE47991414}.Debug|Any CPU.ActiveCfg = Debug|Any CPU
		{A5ED92F4-F43B-44E2-B132-C2AE47991414}.Debug|Any CPU.Build.0 = Debug|Any CPU
		{A5ED92F4-F43B-44E2-B132-C2AE47991414}.Release|Any CPU.ActiveCfg = Release|Any CPU
		{A5ED92F4-F43B-44E2-B132-C2AE47991414}.Release|Any CPU.Build.0 = Release|Any CPU
		{467E0E88-9AE9-494C-AB02-02507CDAA393}.Debug|Any CPU.ActiveCfg = Debug|Any CPU
		{467E0E88-9AE9-494C-AB02-02507CDAA393}.Debug|Any CPU.Build.0 = Debug|Any CPU
		{467E0E88-9AE9-494C-AB02-02507CDAA393}.Release|Any CPU.ActiveCfg = Release|Any CPU
		{467E0E88-9AE9-494C-AB02-02507CDAA393}.Release|Any CPU.Build.0 = Release|Any CPU
	EndGlobalSection
	GlobalSection(SolutionProperties) = preSolution
		HideSolutionNode = FALSE
	EndGlobalSection
	GlobalSection(ExtensibilityGlobals) = postSolution
		SolutionGuid = {2767F9AB-D459-426A-B9FA-014CC921CFC4}
	EndGlobalSection
EndGlobal
